
Microsoft Visual Studio Solution File, Format Version 12.00
# Visual Studio 15
VisualStudioVersion = 15.0.28307.852
MinimumVisualStudioVersion = 10.0.40219.1
Project("{8BC9CEB8-8B4A-11D0-8D11-00A0C91BC942}") = "ASSIGNMENT AGAIN", "ASSIGNMENT AGAIN\ASSIGNMENT AGAIN.vcxproj", "{ED52B1A6-0561-47F9-B2F6-FE023168687A}"
EndProject
Global
	GlobalSection(SolutionConfigurationPlatforms) = preSolution
		Debug|x64 = Debug|x64
		Debug|x86 = Debug|x86
		Release|x64 = Release|x64
		Release|x86 = Release|x86
	EndGlobalSection
	GlobalSection(ProjectConfigurationPlatforms) = postSolution
		{ED52B1A6-0561-47F9-B2F6-FE023168687A}.Debug|x64.ActiveCfg = Debug|x64
		{ED52B1A6-0561-47F9-B2F6-FE023168687A}.Debug|x64.Build.0 = Debug|x64
		{ED52B1A6-0561-47F9-B2F6-FE023168687A}.Debug|x86.ActiveCfg = Debug|Win32
		{ED52B1A6-0561-47F9-B2F6-FE023168687A}.Debug|x86.Build.0 = Debug|Win32
		{ED52B1A6-0561-47F9-B2F6-FE023168687A}.Release|x64.ActiveCfg = Release|x64
		{ED52B1A6-0561-47F9-B2F6-FE023168687A}.Release|x64.Build.0 = Release|x64
		{ED52B1A6-0561-47F9-B2F6-FE023168687A}.Release|x86.ActiveCfg = Release|Win32
		{ED52B1A6-0561-47F9-B2F6-FE023168687A}.Release|x86.Build.0 = Release|Win32
	EndGlobalSection
	GlobalSection(SolutionProperties) = preSolution
		HideSolutionNode = FALSE
	EndGlobalSection
	GlobalSection(ExtensibilityGlobals) = postSolution
		SolutionGuid = {33AAE409-BCC0-4A4B-8578-3E6831E01F58}
	EndGlobalSection
EndGlobal
