
Microsoft Visual Studio Solution File, Format Version 12.00
# Visual Studio 15
VisualStudioVersion = 15.0.28307.852
MinimumVisualStudioVersion = 10.0.40219.1
Project("{8BC9CEB8-8B4A-11D0-8D11-00A0C91BC942}") = "NUMBER1EXERCISE", "NUMBER1EXERCISE\NUMBER1EXERCISE.vcxproj", "{41A53040-DD8C-43E0-B95C-E9682330ABF1}"
EndProject
Global
	GlobalSection(SolutionConfigurationPlatforms) = preSolution
		Debug|x64 = Debug|x64
		Debug|x86 = Debug|x86
		Release|x64 = Release|x64
		Release|x86 = Release|x86
	EndGlobalSection
	GlobalSection(ProjectConfigurationPlatforms) = postSolution
		{41A53040-DD8C-43E0-B95C-E9682330ABF1}.Debug|x64.ActiveCfg = Debug|x64
		{41A53040-DD8C-43E0-B95C-E9682330ABF1}.Debug|x64.Build.0 = Debug|x64
		{41A53040-DD8C-43E0-B95C-E9682330ABF1}.Debug|x86.ActiveCfg = Debug|Win32
		{41A53040-DD8C-43E0-B95C-E9682330ABF1}.Debug|x86.Build.0 = Debug|Win32
		{41A53040-DD8C-43E0-B95C-E9682330ABF1}.Release|x64.ActiveCfg = Release|x64
		{41A53040-DD8C-43E0-B95C-E9682330ABF1}.Release|x64.Build.0 = Release|x64
		{41A53040-DD8C-43E0-B95C-E9682330ABF1}.Release|x86.ActiveCfg = Release|Win32
		{41A53040-DD8C-43E0-B95C-E9682330ABF1}.Release|x86.Build.0 = Release|Win32
	EndGlobalSection
	GlobalSection(SolutionProperties) = preSolution
		HideSolutionNode = FALSE
	EndGlobalSection
	GlobalSection(ExtensibilityGlobals) = postSolution
		SolutionGuid = {7C9811BC-CD07-4AAF-9938-C64693C155FF}
	EndGlobalSection
EndGlobal
