
Microsoft Visual Studio Solution File, Format Version 12.00
# Visual Studio 15
VisualStudioVersion = 15.0.28307.852
MinimumVisualStudioVersion = 10.0.40219.1
Project("{8BC9CEB8-8B4A-11D0-8D11-00A0C91BC942}") = "ASSIGNMENT 2 EXERCISE 1 CORRECTION", "ASSIGNMENT 2 EXERCISE 1 CORRECTION\ASSIGNMENT 2 EXERCISE 1 CORRECTION.vcxproj", "{AE8D43FF-3C4B-40AB-9101-4DD81699E34B}"
EndProject
Global
	GlobalSection(SolutionConfigurationPlatforms) = preSolution
		Debug|x64 = Debug|x64
		Debug|x86 = Debug|x86
		Release|x64 = Release|x64
		Release|x86 = Release|x86
	EndGlobalSection
	GlobalSection(ProjectConfigurationPlatforms) = postSolution
		{AE8D43FF-3C4B-40AB-9101-4DD81699E34B}.Debug|x64.ActiveCfg = Debug|x64
		{AE8D43FF-3C4B-40AB-9101-4DD81699E34B}.Debug|x64.Build.0 = Debug|x64
		{AE8D43FF-3C4B-40AB-9101-4DD81699E34B}.Debug|x86.ActiveCfg = Debug|Win32
		{AE8D43FF-3C4B-40AB-9101-4DD81699E34B}.Debug|x86.Build.0 = Debug|Win32
		{AE8D43FF-3C4B-40AB-9101-4DD81699E34B}.Release|x64.ActiveCfg = Release|x64
		{AE8D43FF-3C4B-40AB-9101-4DD81699E34B}.Release|x64.Build.0 = Release|x64
		{AE8D43FF-3C4B-40AB-9101-4DD81699E34B}.Release|x86.ActiveCfg = Release|Win32
		{AE8D43FF-3C4B-40AB-9101-4DD81699E34B}.Release|x86.Build.0 = Release|Win32
	EndGlobalSection
	GlobalSection(SolutionProperties) = preSolution
		HideSolutionNode = FALSE
	EndGlobalSection
	GlobalSection(ExtensibilityGlobals) = postSolution
		SolutionGuid = {06896EAC-37CB-4CBF-A651-2E55F33421A9}
	EndGlobalSection
EndGlobal
