
Microsoft Visual Studio Solution File, Format Version 12.00
# Visual Studio 15
VisualStudioVersion = 15.0.28307.852
MinimumVisualStudioVersion = 10.0.40219.1
Project("{8BC9CEB8-8B4A-11D0-8D11-00A0C91BC942}") = "PUNTO 4", "PUNTO 4\PUNTO 4.vcxproj", "{08F34E80-01C7-45C4-856D-43E9F314026C}"
EndProject
Global
	GlobalSection(SolutionConfigurationPlatforms) = preSolution
		Debug|x64 = Debug|x64
		Debug|x86 = Debug|x86
		Release|x64 = Release|x64
		Release|x86 = Release|x86
	EndGlobalSection
	GlobalSection(ProjectConfigurationPlatforms) = postSolution
		{08F34E80-01C7-45C4-856D-43E9F314026C}.Debug|x64.ActiveCfg = Debug|x64
		{08F34E80-01C7-45C4-856D-43E9F314026C}.Debug|x64.Build.0 = Debug|x64
		{08F34E80-01C7-45C4-856D-43E9F314026C}.Debug|x86.ActiveCfg = Debug|Win32
		{08F34E80-01C7-45C4-856D-43E9F314026C}.Debug|x86.Build.0 = Debug|Win32
		{08F34E80-01C7-45C4-856D-43E9F314026C}.Release|x64.ActiveCfg = Release|x64
		{08F34E80-01C7-45C4-856D-43E9F314026C}.Release|x64.Build.0 = Release|x64
		{08F34E80-01C7-45C4-856D-43E9F314026C}.Release|x86.ActiveCfg = Release|Win32
		{08F34E80-01C7-45C4-856D-43E9F314026C}.Release|x86.Build.0 = Release|Win32
	EndGlobalSection
	GlobalSection(SolutionProperties) = preSolution
		HideSolutionNode = FALSE
	EndGlobalSection
	GlobalSection(ExtensibilityGlobals) = postSolution
		SolutionGuid = {D2629912-91AB-449A-92DB-F14AA604A079}
	EndGlobalSection
EndGlobal
