
Microsoft Visual Studio Solution File, Format Version 12.00
# Visual Studio 15
VisualStudioVersion = 15.0.28307.852
MinimumVisualStudioVersion = 10.0.40219.1
Project("{8BC9CEB8-8B4A-11D0-8D11-00A0C91BC942}") = "NUMBER2EXERCISE", "NUMBER2EXERCISE\NUMBER2EXERCISE.vcxproj", "{CE5A9979-7D35-48DB-827F-C80EED860193}"
EndProject
Global
	GlobalSection(SolutionConfigurationPlatforms) = preSolution
		Debug|x64 = Debug|x64
		Debug|x86 = Debug|x86
		Release|x64 = Release|x64
		Release|x86 = Release|x86
	EndGlobalSection
	GlobalSection(ProjectConfigurationPlatforms) = postSolution
		{CE5A9979-7D35-48DB-827F-C80EED860193}.Debug|x64.ActiveCfg = Debug|x64
		{CE5A9979-7D35-48DB-827F-C80EED860193}.Debug|x64.Build.0 = Debug|x64
		{CE5A9979-7D35-48DB-827F-C80EED860193}.Debug|x86.ActiveCfg = Debug|Win32
		{CE5A9979-7D35-48DB-827F-C80EED860193}.Debug|x86.Build.0 = Debug|Win32
		{CE5A9979-7D35-48DB-827F-C80EED860193}.Release|x64.ActiveCfg = Release|x64
		{CE5A9979-7D35-48DB-827F-C80EED860193}.Release|x64.Build.0 = Release|x64
		{CE5A9979-7D35-48DB-827F-C80EED860193}.Release|x86.ActiveCfg = Release|Win32
		{CE5A9979-7D35-48DB-827F-C80EED860193}.Release|x86.Build.0 = Release|Win32
	EndGlobalSection
	GlobalSection(SolutionProperties) = preSolution
		HideSolutionNode = FALSE
	EndGlobalSection
	GlobalSection(ExtensibilityGlobals) = postSolution
		SolutionGuid = {289A6620-74AB-4E20-B35A-5ED2C0B7BB1D}
	EndGlobalSection
EndGlobal
